{
  "name": "pixi5-svg",
  "version": "0.2.0",
  "lockfileVersion": 2,
  "requires": true,
  "packages": {
    "": {
      "version": "0.2.0",
      "license": "MIT",
      "dependencies": {
        "d-path-parser": "^1.0.0",
        "eve": "~0.5.1",
        "tinycolor2": "^1.4.1"
      }
    },
    "node_modules/d-path-parser": {
      "version": "1.0.0",
      "resolved": "https://registry.npmjs.org/d-path-parser/-/d-path-parser-1.0.0.tgz",
      "integrity": "sha1-h7+0G0TFWWK0775doxUCte6LCrc="
    },
    "node_modules/eve": {
      "version": "0.5.4",
      "resolved": "https://registry.npmjs.org/eve/-/eve-0.5.4.tgz",
      "integrity": "sha1-Z9CAuXJSkdfjieNMJoYN2X8d66o="
    },
    "node_modules/tinycolor2": {
      "version": "1.4.1",
      "resolved": "https://registry.npmjs.org/tinycolor2/-/tinycolor2-1.4.1.tgz",
      "integrity": "sha1-9PrTM0R7wLB9TcjpIJ2POaisd+g=",
      "engines": {
        "node": "*"
      }
    }
  },
  "dependencies": {
    "d-path-parser": {
      "version": "1.0.0",
      "resolved": "https://registry.npmjs.org/d-path-parser/-/d-path-parser-1.0.0.tgz",
      "integrity": "sha1-h7+0G0TFWWK0775doxUCte6LCrc="
    },
    "eve": {
      "version": "0.5.4",
      "resolved": "https://registry.npmjs.org/eve/-/eve-0.5.4.tgz",
      "integrity": "sha1-Z9CAuXJSkdfjieNMJoYN2X8d66o="
    },
    "tinycolor2": {
      "version": "1.4.1",
      "resolved": "https://registry.npmjs.org/tinycolor2/-/tinycolor2-1.4.1.tgz",
      "integrity": "sha1-9PrTM0R7wLB9TcjpIJ2POaisd+g="
    }
  }
}
